
Microsoft Visual Studio Solution File, Format Version 12.00
# Visual Studio Version 17
VisualStudioVersion = 17.4.33213.308
MinimumVisualStudioVersion = 10.0.40219.1
Project("{FAE04EC0-301F-11D3-BF4B-00C04F79EFBC}") = "Laboratorio08.Android", "Laboratorio08\Laboratorio08.Android\Laboratorio08.Android.csproj", "{09CC5DA0-D1A6-42E0-BCCA-C880D102901E}"
EndProject
Project("{FAE04EC0-301F-11D3-BF4B-00C04F79EFBC}") = "Laboratorio08.iOS", "Laboratorio08\Laboratorio08.iOS\Laboratorio08.iOS.csproj", "{05AB77B3-2137-4001-A9B4-7A5E82B1FBFB}"
EndProject
Project("{FAE04EC0-301F-11D3-BF4B-00C04F79EFBC}") = "Laboratorio08", "Laboratorio08\Laboratorio08\Laboratorio08.csproj", "{31FD7D58-F4D2-4822-AB70-B3992AFD9E82}"
EndProject
Global
	GlobalSection(SolutionConfigurationPlatforms) = preSolution
		Debug|Any CPU = Debug|Any CPU
		Debug|iPhone = Debug|iPhone
		Debug|iPhoneSimulator = Debug|iPhoneSimulator
		Release|Any CPU = Release|Any CPU
		Release|iPhone = Release|iPhone
		Release|iPhoneSimulator = Release|iPhoneSimulator
	EndGlobalSection
	GlobalSection(ProjectConfigurationPlatforms) = postSolution
		{09CC5DA0-D1A6-42E0-BCCA-C880D102901E}.Debug|Any CPU.ActiveCfg = Debug|Any CPU
		{09CC5DA0-D1A6-42E0-BCCA-C880D102901E}.Debug|Any CPU.Build.0 = Debug|Any CPU
		{09CC5DA0-D1A6-42E0-BCCA-C880D102901E}.Debug|Any CPU.Deploy.0 = Debug|Any CPU
		{09CC5DA0-D1A6-42E0-BCCA-C880D102901E}.Debug|iPhone.ActiveCfg = Debug|Any CPU
		{09CC5DA0-D1A6-42E0-BCCA-C880D102901E}.Debug|iPhone.Build.0 = Debug|Any CPU
		{09CC5DA0-D1A6-42E0-BCCA-C880D102901E}.Debug|iPhone.Deploy.0 = Debug|Any CPU
		{09CC5DA0-D1A6-42E0-BCCA-C880D102901E}.Debug|iPhoneSimulator.ActiveCfg = Debug|Any CPU
		{09CC5DA0-D1A6-42E0-BCCA-C880D102901E}.Debug|iPhoneSimulator.Build.0 = Debug|Any CPU
		{09CC5DA0-D1A6-42E0-BCCA-C880D102901E}.Debug|iPhoneSimulator.Deploy.0 = Debug|Any CPU
		{09CC5DA0-D1A6-42E0-BCCA-C880D102901E}.Release|Any CPU.ActiveCfg = Release|Any CPU
		{09CC5DA0-D1A6-42E0-BCCA-C880D102901E}.Release|Any CPU.Build.0 = Release|Any CPU
		{09CC5DA0-D1A6-42E0-BCCA-C880D102901E}.Release|Any CPU.Deploy.0 = Release|Any CPU
		{09CC5DA0-D1A6-42E0-BCCA-C880D102901E}.Release|iPhone.ActiveCfg = Release|Any CPU
		{09CC5DA0-D1A6-42E0-BCCA-C880D102901E}.Release|iPhone.Build.0 = Release|Any CPU
		{09CC5DA0-D1A6-42E0-BCCA-C880D102901E}.Release|iPhone.Deploy.0 = Release|Any CPU
		{09CC5DA0-D1A6-42E0-BCCA-C880D102901E}.Release|iPhoneSimulator.ActiveCfg = Release|Any CPU
		{09CC5DA0-D1A6-42E0-BCCA-C880D102901E}.Release|iPhoneSimulator.Build.0 = Release|Any CPU
		{09CC5DA0-D1A6-42E0-BCCA-C880D102901E}.Release|iPhoneSimulator.Deploy.0 = Release|Any CPU
		{05AB77B3-2137-4001-A9B4-7A5E82B1FBFB}.Debug|Any CPU.ActiveCfg = Debug|iPhone
		{05AB77B3-2137-4001-A9B4-7A5E82B1FBFB}.Debug|Any CPU.Build.0 = Debug|iPhone
		{05AB77B3-2137-4001-A9B4-7A5E82B1FBFB}.Debug|Any CPU.Deploy.0 = Debug|iPhone
		{05AB77B3-2137-4001-A9B4-7A5E82B1FBFB}.Debug|iPhone.ActiveCfg = Debug|iPhone
		{05AB77B3-2137-4001-A9B4-7A5E82B1FBFB}.Debug|iPhone.Build.0 = Debug|iPhone
		{05AB77B3-2137-4001-A9B4-7A5E82B1FBFB}.Debug|iPhone.Deploy.0 = Debug|iPhone
		{05AB77B3-2137-4001-A9B4-7A5E82B1FBFB}.Debug|iPhoneSimulator.ActiveCfg = Debug|iPhoneSimulator
		{05AB77B3-2137-4001-A9B4-7A5E82B1FBFB}.Debug|iPhoneSimulator.Build.0 = Debug|iPhoneSimulator
		{05AB77B3-2137-4001-A9B4-7A5E82B1FBFB}.Debug|iPhoneSimulator.Deploy.0 = Debug|iPhoneSimulator
		{05AB77B3-2137-4001-A9B4-7A5E82B1FBFB}.Release|Any CPU.ActiveCfg = Release|iPhoneSimulator
		{05AB77B3-2137-4001-A9B4-7A5E82B1FBFB}.Release|Any CPU.Build.0 = Release|iPhoneSimulator
		{05AB77B3-2137-4001-A9B4-7A5E82B1FBFB}.Release|Any CPU.Deploy.0 = Release|iPhoneSimulator
		{05AB77B3-2137-4001-A9B4-7A5E82B1FBFB}.Release|iPhone.ActiveCfg = Release|iPhone
		{05AB77B3-2137-4001-A9B4-7A5E82B1FBFB}.Release|iPhone.Build.0 = Release|iPhone
		{05AB77B3-2137-4001-A9B4-7A5E82B1FBFB}.Release|iPhone.Deploy.0 = Release|iPhone
		{05AB77B3-2137-4001-A9B4-7A5E82B1FBFB}.Release|iPhoneSimulator.ActiveCfg = Release|iPhoneSimulator
		{05AB77B3-2137-4001-A9B4-7A5E82B1FBFB}.Release|iPhoneSimulator.Build.0 = Release|iPhoneSimulator
		{05AB77B3-2137-4001-A9B4-7A5E82B1FBFB}.Release|iPhoneSimulator.Deploy.0 = Release|iPhoneSimulator
		{31FD7D58-F4D2-4822-AB70-B3992AFD9E82}.Debug|Any CPU.ActiveCfg = Debug|Any CPU
		{31FD7D58-F4D2-4822-AB70-B3992AFD9E82}.Debug|Any CPU.Build.0 = Debug|Any CPU
		{31FD7D58-F4D2-4822-AB70-B3992AFD9E82}.Debug|Any CPU.Deploy.0 = Debug|Any CPU
		{31FD7D58-F4D2-4822-AB70-B3992AFD9E82}.Debug|iPhone.ActiveCfg = Debug|Any CPU
		{31FD7D58-F4D2-4822-AB70-B3992AFD9E82}.Debug|iPhone.Build.0 = Debug|Any CPU
		{31FD7D58-F4D2-4822-AB70-B3992AFD9E82}.Debug|iPhone.Deploy.0 = Debug|Any CPU
		{31FD7D58-F4D2-4822-AB70-B3992AFD9E82}.Debug|iPhoneSimulator.ActiveCfg = Debug|Any CPU
		{31FD7D58-F4D2-4822-AB70-B3992AFD9E82}.Debug|iPhoneSimulator.Build.0 = Debug|Any CPU
		{31FD7D58-F4D2-4822-AB70-B3992AFD9E82}.Debug|iPhoneSimulator.Deploy.0 = Debug|Any CPU
		{31FD7D58-F4D2-4822-AB70-B3992AFD9E82}.Release|Any CPU.ActiveCfg = Release|Any CPU
		{31FD7D58-F4D2-4822-AB70-B3992AFD9E82}.Release|Any CPU.Build.0 = Release|Any CPU
		{31FD7D58-F4D2-4822-AB70-B3992AFD9E82}.Release|Any CPU.Deploy.0 = Release|Any CPU
		{31FD7D58-F4D2-4822-AB70-B3992AFD9E82}.Release|iPhone.ActiveCfg = Release|Any CPU
		{31FD7D58-F4D2-4822-AB70-B3992AFD9E82}.Release|iPhone.Build.0 = Release|Any CPU
		{31FD7D58-F4D2-4822-AB70-B3992AFD9E82}.Release|iPhone.Deploy.0 = Release|Any CPU
		{31FD7D58-F4D2-4822-AB70-B3992AFD9E82}.Release|iPhoneSimulator.ActiveCfg = Release|Any CPU
		{31FD7D58-F4D2-4822-AB70-B3992AFD9E82}.Release|iPhoneSimulator.Build.0 = Release|Any CPU
		{31FD7D58-F4D2-4822-AB70-B3992AFD9E82}.Release|iPhoneSimulator.Deploy.0 = Release|Any CPU
	EndGlobalSection
	GlobalSection(SolutionProperties) = preSolution
		HideSolutionNode = FALSE
	EndGlobalSection
	GlobalSection(ExtensibilityGlobals) = postSolution
		SolutionGuid = {EBB96BF9-7982-4951-AF28-B287EEE57F4F}
	EndGlobalSection
EndGlobal
